
Microsoft Visual Studio Solution File, Format Version 12.00
# Visual Studio 15
VisualStudioVersion = 15.0.27130.2036
MinimumVisualStudioVersion = 10.0.40219.1
Project("{8BC9CEB8-8B4A-11D0-8D11-00A0C91BC942}") = "Hellow", "Hellow\Hellow.vcxproj", "{508EBFA4-AABB-4974-83F4-ECF66D652747}"
EndProject
Global
	GlobalSection(SolutionConfigurationPlatforms) = preSolution
		Debug|x64 = Debug|x64
		Debug|x86 = Debug|x86
		Release|x64 = Release|x64
		Release|x86 = Release|x86
	EndGlobalSection
	GlobalSection(ProjectConfigurationPlatforms) = postSolution
		{508EBFA4-AABB-4974-83F4-ECF66D652747}.Debug|x64.ActiveCfg = Debug|x64
		{508EBFA4-AABB-4974-83F4-ECF66D652747}.Debug|x64.Build.0 = Debug|x64
		{508EBFA4-AABB-4974-83F4-ECF66D652747}.Debug|x86.ActiveCfg = Debug|Win32
		{508EBFA4-AABB-4974-83F4-ECF66D652747}.Debug|x86.Build.0 = Debug|Win32
		{508EBFA4-AABB-4974-83F4-ECF66D652747}.Release|x64.ActiveCfg = Release|x64
		{508EBFA4-AABB-4974-83F4-ECF66D652747}.Release|x64.Build.0 = Release|x64
		{508EBFA4-AABB-4974-83F4-ECF66D652747}.Release|x86.ActiveCfg = Release|Win32
		{508EBFA4-AABB-4974-83F4-ECF66D652747}.Release|x86.Build.0 = Release|Win32
	EndGlobalSection
	GlobalSection(SolutionProperties) = preSolution
		HideSolutionNode = FALSE
	EndGlobalSection
	GlobalSection(ExtensibilityGlobals) = postSolution
		SolutionGuid = {D7F31632-5F32-4636-89D4-9D77868782D1}
	EndGlobalSection
EndGlobal
